
Microsoft Visual Studio Solution File, Format Version 12.00
# Visual Studio Version 17
VisualStudioVersion = 17.0.31912.275
MinimumVisualStudioVersion = 10.0.40219.1
Project("{9A19103F-16F7-4668-BE54-9A1E7A4F7556}") = "EasyMicroservices.Serialization", "EasyMicroservices.Serialization\EasyMicroservices.Serialization.csproj", "{E100639B-3CFE-4F7D-992C-AF1F9B5044B0}"
EndProject
Project("{9A19103F-16F7-4668-BE54-9A1E7A4F7556}") = "EasyMicroservices.Serialization.Tests", "EasyMicroservices.Serialization.Tests\EasyMicroservices.Serialization.Tests.csproj", "{0D486E0E-E883-485F-A2C7-D0AFAD752A9D}"
EndProject
Project("{9A19103F-16F7-4668-BE54-9A1E7A4F7556}") = "EasyMicroservices.Serialization.BinaryGo", "EasyMicroservices.Serialization.BinaryGo\EasyMicroservices.Serialization.BinaryGo.csproj", "{442A163A-BC10-4F1C-8590-AE6E50771D90}"
EndProject
Project("{9A19103F-16F7-4668-BE54-9A1E7A4F7556}") = "EasyMicroservices.Serialization.Newtonsoft.Json", "EasyMicroservices.Serialization.NewtonSoft.Json\EasyMicroservices.Serialization.Newtonsoft.Json.csproj", "{6CA7DFEE-6B4F-4747-9CF8-DB7E2F371686}"
EndProject
Project("{9A19103F-16F7-4668-BE54-9A1E7A4F7556}") = "EasyMicroservices.Serialization.System.Text.Json", "EasyMicroservices.Serialization.System.Text.Json\EasyMicroservices.Serialization.System.Text.Json.csproj", "{BCEB9E2F-36C5-4000-80C7-C3E3726531D0}"
EndProject
Project("{FAE04EC0-301F-11D3-BF4B-00C04F79EFBC}") = "EasyMicroservices.Serialization.Yaml", "EasyMicroservices.Serialization.Yaml\EasyMicroservices.Serialization.Yaml.csproj", "{70B95E02-CE0D-4E62-AB8D-60C61EB6B97D}"
EndProject
Global
	GlobalSection(SolutionConfigurationPlatforms) = preSolution
		Debug|Any CPU = Debug|Any CPU
		Release|Any CPU = Release|Any CPU
	EndGlobalSection
	GlobalSection(ProjectConfigurationPlatforms) = postSolution
		{E100639B-3CFE-4F7D-992C-AF1F9B5044B0}.Debug|Any CPU.ActiveCfg = Debug|Any CPU
		{E100639B-3CFE-4F7D-992C-AF1F9B5044B0}.Debug|Any CPU.Build.0 = Debug|Any CPU
		{E100639B-3CFE-4F7D-992C-AF1F9B5044B0}.Release|Any CPU.ActiveCfg = Release|Any CPU
		{E100639B-3CFE-4F7D-992C-AF1F9B5044B0}.Release|Any CPU.Build.0 = Release|Any CPU
		{0D486E0E-E883-485F-A2C7-D0AFAD752A9D}.Debug|Any CPU.ActiveCfg = Debug|Any CPU
		{0D486E0E-E883-485F-A2C7-D0AFAD752A9D}.Debug|Any CPU.Build.0 = Debug|Any CPU
		{0D486E0E-E883-485F-A2C7-D0AFAD752A9D}.Release|Any CPU.ActiveCfg = Release|Any CPU
		{0D486E0E-E883-485F-A2C7-D0AFAD752A9D}.Release|Any CPU.Build.0 = Release|Any CPU
		{442A163A-BC10-4F1C-8590-AE6E50771D90}.Debug|Any CPU.ActiveCfg = Debug|Any CPU
		{442A163A-BC10-4F1C-8590-AE6E50771D90}.Debug|Any CPU.Build.0 = Debug|Any CPU
		{442A163A-BC10-4F1C-8590-AE6E50771D90}.Release|Any CPU.ActiveCfg = Release|Any CPU
		{442A163A-BC10-4F1C-8590-AE6E50771D90}.Release|Any CPU.Build.0 = Release|Any CPU
		{6CA7DFEE-6B4F-4747-9CF8-DB7E2F371686}.Debug|Any CPU.ActiveCfg = Debug|Any CPU
		{6CA7DFEE-6B4F-4747-9CF8-DB7E2F371686}.Debug|Any CPU.Build.0 = Debug|Any CPU
		{6CA7DFEE-6B4F-4747-9CF8-DB7E2F371686}.Release|Any CPU.ActiveCfg = Release|Any CPU
		{6CA7DFEE-6B4F-4747-9CF8-DB7E2F371686}.Release|Any CPU.Build.0 = Release|Any CPU
		{BCEB9E2F-36C5-4000-80C7-C3E3726531D0}.Debug|Any CPU.ActiveCfg = Debug|Any CPU
		{BCEB9E2F-36C5-4000-80C7-C3E3726531D0}.Debug|Any CPU.Build.0 = Debug|Any CPU
		{BCEB9E2F-36C5-4000-80C7-C3E3726531D0}.Release|Any CPU.ActiveCfg = Release|Any CPU
		{BCEB9E2F-36C5-4000-80C7-C3E3726531D0}.Release|Any CPU.Build.0 = Release|Any CPU
		{70B95E02-CE0D-4E62-AB8D-60C61EB6B97D}.Debug|Any CPU.ActiveCfg = Debug|Any CPU
		{70B95E02-CE0D-4E62-AB8D-60C61EB6B97D}.Debug|Any CPU.Build.0 = Debug|Any CPU
		{70B95E02-CE0D-4E62-AB8D-60C61EB6B97D}.Release|Any CPU.ActiveCfg = Release|Any CPU
		{70B95E02-CE0D-4E62-AB8D-60C61EB6B97D}.Release|Any CPU.Build.0 = Release|Any CPU
	EndGlobalSection
	GlobalSection(SolutionProperties) = preSolution
		HideSolutionNode = FALSE
	EndGlobalSection
	GlobalSection(ExtensibilityGlobals) = postSolution
		SolutionGuid = {7FB83286-A3A3-43D1-BCA1-593F9665E2A7}
	EndGlobalSection
EndGlobal
