
Microsoft Visual Studio Solution File, Format Version 12.00
Project("{FAE04EC0-301F-11D3-BF4B-00C04F79EFBC}") = "WebAPISampleProject.BinaryGo", "WebAPISampleProject.BinaryGo\WebAPISampleProject.BinaryGo.csproj", "{F603C96F-5577-4B8C-A306-549E0CA7152B}"
EndProject
Project("{FAE04EC0-301F-11D3-BF4B-00C04F79EFBC}") = "WebAPISampleProject.MessagePack", "WebAPISampleProject.MessagePack\WebAPISampleProject.MessagePack.csproj", "{A1CC73D8-23BF-4827-AC4E-82C86AF591EF}"
EndProject
Project("{FAE04EC0-301F-11D3-BF4B-00C04F79EFBC}") = "Common", "Common\Common.csproj", "{F7966FE8-0D7C-4F72-9096-BFC51CCBC37F}"
EndProject
Global
	GlobalSection(SolutionConfigurationPlatforms) = preSolution
		Debug|Any CPU = Debug|Any CPU
		Release|Any CPU = Release|Any CPU
	EndGlobalSection
	GlobalSection(ProjectConfigurationPlatforms) = postSolution
		{F603C96F-5577-4B8C-A306-549E0CA7152B}.Debug|Any CPU.ActiveCfg = Debug|Any CPU
		{F603C96F-5577-4B8C-A306-549E0CA7152B}.Debug|Any CPU.Build.0 = Debug|Any CPU
		{F603C96F-5577-4B8C-A306-549E0CA7152B}.Release|Any CPU.ActiveCfg = Release|Any CPU
		{F603C96F-5577-4B8C-A306-549E0CA7152B}.Release|Any CPU.Build.0 = Release|Any CPU
		{A1CC73D8-23BF-4827-AC4E-82C86AF591EF}.Debug|Any CPU.ActiveCfg = Debug|Any CPU
		{A1CC73D8-23BF-4827-AC4E-82C86AF591EF}.Debug|Any CPU.Build.0 = Debug|Any CPU
		{A1CC73D8-23BF-4827-AC4E-82C86AF591EF}.Release|Any CPU.ActiveCfg = Release|Any CPU
		{A1CC73D8-23BF-4827-AC4E-82C86AF591EF}.Release|Any CPU.Build.0 = Release|Any CPU
		{F7966FE8-0D7C-4F72-9096-BFC51CCBC37F}.Debug|Any CPU.ActiveCfg = Debug|Any CPU
		{F7966FE8-0D7C-4F72-9096-BFC51CCBC37F}.Debug|Any CPU.Build.0 = Debug|Any CPU
		{F7966FE8-0D7C-4F72-9096-BFC51CCBC37F}.Release|Any CPU.ActiveCfg = Release|Any CPU
		{F7966FE8-0D7C-4F72-9096-BFC51CCBC37F}.Release|Any CPU.Build.0 = Release|Any CPU
	EndGlobalSection
EndGlobal
